// !$*UTF8*$!
{
	archiveVersion = 1;
	classes = {
	};
	objectVersion = 50;
	objects = {

/* Begin PBXBuildFile section */
		26036DD32236B8AD00EACA1B /* DataSource.swift in Sources */ = {isa = PBXBuildFile; fileRef = 26036DD22236B8AD00EACA1B /* DataSource.swift */; };
		26036DD72237C3DC00EACA1B /* SerieListTableViewCell.swift in Sources */ = {isa = PBXBuildFile; fileRef = 26036DD52237C3DC00EACA1B /* SerieListTableViewCell.swift */; };
		26036DD82237C3DC00EACA1B /* SerieListTableViewCell.xib in Resources */ = {isa = PBXBuildFile; fileRef = 26036DD62237C3DC00EACA1B /* SerieListTableViewCell.xib */; };
		26036DDA2237CBC900EACA1B /* MainRouter.swift in Sources */ = {isa = PBXBuildFile; fileRef = 26036DD92237CBC900EACA1B /* MainRouter.swift */; };
		26036DDC2237CDDB00EACA1B /* SeriesRouter.swift in Sources */ = {isa = PBXBuildFile; fileRef = 26036DDB2237CDDB00EACA1B /* SeriesRouter.swift */; };
		26036DDF2237CE2100EACA1B /* ParentRouter.swift in Sources */ = {isa = PBXBuildFile; fileRef = 26036DDE2237CE2100EACA1B /* ParentRouter.swift */; };
		26036DE12237D00300EACA1B /* ParentPresenter.swift in Sources */ = {isa = PBXBuildFile; fileRef = 26036DE02237D00300EACA1B /* ParentPresenter.swift */; };
		26036DE32237D41700EACA1B /* ParentViewController.swift in Sources */ = {isa = PBXBuildFile; fileRef = 26036DE22237D41700EACA1B /* ParentViewController.swift */; };
		261C9DDA22410B2A00C1BBAA /* SearchSerieViewController.swift in Sources */ = {isa = PBXBuildFile; fileRef = 261C9DD822410B2A00C1BBAA /* SearchSerieViewController.swift */; };
		261C9DDB22410B2A00C1BBAA /* SearchSerieViewController.xib in Resources */ = {isa = PBXBuildFile; fileRef = 261C9DD922410B2A00C1BBAA /* SearchSerieViewController.xib */; };
		261C9DDD22410B8B00C1BBAA /* SearchSerieRouter.swift in Sources */ = {isa = PBXBuildFile; fileRef = 261C9DDC22410B8B00C1BBAA /* SearchSerieRouter.swift */; };
		261C9DDF22410C2700C1BBAA /* SearchSeriePresenter.swift in Sources */ = {isa = PBXBuildFile; fileRef = 261C9DDE22410C2700C1BBAA /* SearchSeriePresenter.swift */; };
		261C9DE52241196300C1BBAA /* SearchSerieTableViewCell.swift in Sources */ = {isa = PBXBuildFile; fileRef = 261C9DE32241196300C1BBAA /* SearchSerieTableViewCell.swift */; };
		261C9DE62241196300C1BBAA /* SearchSerieTableViewCell.xib in Resources */ = {isa = PBXBuildFile; fileRef = 261C9DE42241196300C1BBAA /* SearchSerieTableViewCell.xib */; };
		261C9DE822415F4800C1BBAA /* Number+Format.swift in Sources */ = {isa = PBXBuildFile; fileRef = 261C9DE722415F4800C1BBAA /* Number+Format.swift */; };
		261C9DEA2241630900C1BBAA /* SearchSerieModel.swift in Sources */ = {isa = PBXBuildFile; fileRef = 261C9DE92241630900C1BBAA /* SearchSerieModel.swift */; };
		263691E922425ECD000E69BA /* SearchSerieDataSource.swift in Sources */ = {isa = PBXBuildFile; fileRef = 263691E822425ECD000E69BA /* SearchSerieDataSource.swift */; };
		263691EB2242601B000E69BA /* SearchSerieInteractor.swift in Sources */ = {isa = PBXBuildFile; fileRef = 263691EA2242601B000E69BA /* SearchSerieInteractor.swift */; };
		26616B292237D8DA008CB7AB /* HomeRouter.swift in Sources */ = {isa = PBXBuildFile; fileRef = 26616B282237D8DA008CB7AB /* HomeRouter.swift */; };
		26616B2D2237E1A3008CB7AB /* SerieDetailViewController.swift in Sources */ = {isa = PBXBuildFile; fileRef = 26616B2B2237E1A3008CB7AB /* SerieDetailViewController.swift */; };
		26616B2E2237E1A3008CB7AB /* SerieDetailViewController.xib in Resources */ = {isa = PBXBuildFile; fileRef = 26616B2C2237E1A3008CB7AB /* SerieDetailViewController.xib */; };
		26616B312237E7B5008CB7AB /* SerieInteractor.swift in Sources */ = {isa = PBXBuildFile; fileRef = 26616B302237E7B5008CB7AB /* SerieInteractor.swift */; };
		26616B332237EADD008CB7AB /* SerieDataSource.swift in Sources */ = {isa = PBXBuildFile; fileRef = 26616B322237EADD008CB7AB /* SerieDataSource.swift */; };
		26616B3622380A46008CB7AB /* UIImageView+URL.swift in Sources */ = {isa = PBXBuildFile; fileRef = 26616B3522380A46008CB7AB /* UIImageView+URL.swift */; };
		26616B38223813A1008CB7AB /* String+Format.swift in Sources */ = {isa = PBXBuildFile; fileRef = 26616B37223813A1008CB7AB /* String+Format.swift */; };
		26616B3C22383176008CB7AB /* TableViewCell.swift in Sources */ = {isa = PBXBuildFile; fileRef = 26616B3A22383176008CB7AB /* TableViewCell.swift */; };
		26616B3D22383176008CB7AB /* TableViewCell.xib in Resources */ = {isa = PBXBuildFile; fileRef = 26616B3B22383176008CB7AB /* TableViewCell.xib */; };
		26616B3F22383522008CB7AB /* Episode.swift in Sources */ = {isa = PBXBuildFile; fileRef = 26616B3E22383522008CB7AB /* Episode.swift */; };
		26616B41223837E4008CB7AB /* HomeDataSource.swift in Sources */ = {isa = PBXBuildFile; fileRef = 26616B40223837E4008CB7AB /* HomeDataSource.swift */; };
		26616B432238399F008CB7AB /* HomeInteractor.swift in Sources */ = {isa = PBXBuildFile; fileRef = 26616B422238399F008CB7AB /* HomeInteractor.swift */; };
		26616B462238FB8E008CB7AB /* SerieEpisodes.swift in Sources */ = {isa = PBXBuildFile; fileRef = 26616B452238FB8E008CB7AB /* SerieEpisodes.swift */; };
		26616B4B223A60EE008CB7AB /* SerieDetailRouter.swift in Sources */ = {isa = PBXBuildFile; fileRef = 26616B4A223A60EE008CB7AB /* SerieDetailRouter.swift */; };
		26616B4D223A6192008CB7AB /* SerieDetailPresenter.swift in Sources */ = {isa = PBXBuildFile; fileRef = 26616B4C223A6192008CB7AB /* SerieDetailPresenter.swift */; };
		26616B52223A704D008CB7AB /* EpisodeDetailViewController.swift in Sources */ = {isa = PBXBuildFile; fileRef = 26616B50223A704D008CB7AB /* EpisodeDetailViewController.swift */; };
		26616B53223A704D008CB7AB /* EpisodeDetailViewController.xib in Resources */ = {isa = PBXBuildFile; fileRef = 26616B51223A704D008CB7AB /* EpisodeDetailViewController.xib */; };
		26616B55223A7176008CB7AB /* EpisodeDetailRouter.swift in Sources */ = {isa = PBXBuildFile; fileRef = 26616B54223A7176008CB7AB /* EpisodeDetailRouter.swift */; };
		26616B57223A71D2008CB7AB /* EpisodeDetailPresenter.swift in Sources */ = {isa = PBXBuildFile; fileRef = 26616B56223A71D2008CB7AB /* EpisodeDetailPresenter.swift */; };
		26616B5E223A9FEA008CB7AB /* SeasonPresenter.swift in Sources */ = {isa = PBXBuildFile; fileRef = 26616B5D223A9FEA008CB7AB /* SeasonPresenter.swift */; };
		26616B62223AA33A008CB7AB /* SeasonsViewController.swift in Sources */ = {isa = PBXBuildFile; fileRef = 26616B60223AA33A008CB7AB /* SeasonsViewController.swift */; };
		26616B63223AA33A008CB7AB /* SeasonsViewController.xib in Resources */ = {isa = PBXBuildFile; fileRef = 26616B61223AA33A008CB7AB /* SeasonsViewController.xib */; };
		26616B65223AA390008CB7AB /* SeasonsRouter.swift in Sources */ = {isa = PBXBuildFile; fileRef = 26616B64223AA390008CB7AB /* SeasonsRouter.swift */; };
		26616B67223AAF07008CB7AB /* Constants.swift in Sources */ = {isa = PBXBuildFile; fileRef = 26616B66223AAF07008CB7AB /* Constants.swift */; };
		26616B69223AB32D008CB7AB /* Season.swift in Sources */ = {isa = PBXBuildFile; fileRef = 26616B68223AB32D008CB7AB /* Season.swift */; };
		26616B6B223AB49A008CB7AB /* SeasonsDataSource.swift in Sources */ = {isa = PBXBuildFile; fileRef = 26616B6A223AB49A008CB7AB /* SeasonsDataSource.swift */; };
		26616B6D223AB598008CB7AB /* SeasonsInteractor.swift in Sources */ = {isa = PBXBuildFile; fileRef = 26616B6C223AB598008CB7AB /* SeasonsInteractor.swift */; };
		26616B71223ABDE1008CB7AB /* SeasonsCollectionViewCell.swift in Sources */ = {isa = PBXBuildFile; fileRef = 26616B6F223ABDE1008CB7AB /* SeasonsCollectionViewCell.swift */; };
		26616B72223ABDE1008CB7AB /* SeasonsCollectionViewCell.xib in Resources */ = {isa = PBXBuildFile; fileRef = 26616B70223ABDE1008CB7AB /* SeasonsCollectionViewCell.xib */; };
		26616B75223BCB09008CB7AB /* SeasonWithEpisodes.swift in Sources */ = {isa = PBXBuildFile; fileRef = 26616B74223BCB09008CB7AB /* SeasonWithEpisodes.swift */; };
		26BC5AAF2292E6C000991503 /* EpisodeDetailInteractor.swift in Sources */ = {isa = PBXBuildFile; fileRef = 26BC5AAE2292E6C000991503 /* EpisodeDetailInteractor.swift */; };
		26BC5AB222930DBE00991503 /* EpisodeView.swift in Sources */ = {isa = PBXBuildFile; fileRef = 26BC5AB122930DBE00991503 /* EpisodeView.swift */; };
		26BC9D65229D619100B8003E /* SerieDetailDataSource.swift in Sources */ = {isa = PBXBuildFile; fileRef = 26BC9D64229D619100B8003E /* SerieDetailDataSource.swift */; };
		26BC9D67229D62E900B8003E /* SerieDetailInteractor.swift in Sources */ = {isa = PBXBuildFile; fileRef = 26BC9D66229D62E900B8003E /* SerieDetailInteractor.swift */; };
		26BC9D69229D6AAD00B8003E /* Person.swift in Sources */ = {isa = PBXBuildFile; fileRef = 26BC9D68229D6AAD00B8003E /* Person.swift */; };
		26BC9D6B229D6C3800B8003E /* Character.swift in Sources */ = {isa = PBXBuildFile; fileRef = 26BC9D6A229D6C3800B8003E /* Character.swift */; };
		26BC9D6D229D6C8E00B8003E /* Cast.swift in Sources */ = {isa = PBXBuildFile; fileRef = 26BC9D6C229D6C8E00B8003E /* Cast.swift */; };
		26BC9D70229D70EF00B8003E /* CastPresenter.swift in Sources */ = {isa = PBXBuildFile; fileRef = 26BC9D6F229D70EF00B8003E /* CastPresenter.swift */; };
		26BC9D74229D711D00B8003E /* CastViewController.swift in Sources */ = {isa = PBXBuildFile; fileRef = 26BC9D72229D711D00B8003E /* CastViewController.swift */; };
		26BC9D75229D711D00B8003E /* CastViewController.xib in Resources */ = {isa = PBXBuildFile; fileRef = 26BC9D73229D711D00B8003E /* CastViewController.xib */; };
		26BC9D77229D732700B8003E /* CastRouter.swift in Sources */ = {isa = PBXBuildFile; fileRef = 26BC9D76229D732700B8003E /* CastRouter.swift */; };
		26BC9D7B229D873400B8003E /* CastCollectionViewCell.swift in Sources */ = {isa = PBXBuildFile; fileRef = 26BC9D79229D873400B8003E /* CastCollectionViewCell.swift */; };
		26BC9D7C229D873400B8003E /* CastCollectionViewCell.xib in Resources */ = {isa = PBXBuildFile; fileRef = 26BC9D7A229D873400B8003E /* CastCollectionViewCell.xib */; };
		26BD016B2232619900DD2344 /* myseries.xcdatamodeld in Sources */ = {isa = PBXBuildFile; fileRef = 26BD01692232619900DD2344 /* myseries.xcdatamodeld */; };
		26BD016F2232634400DD2344 /* CoreDataManager.swift in Sources */ = {isa = PBXBuildFile; fileRef = 26BD016E2232634400DD2344 /* CoreDataManager.swift */; };
		26BD0172223265C600DD2344 /* Serie.swift in Sources */ = {isa = PBXBuildFile; fileRef = 26BD0171223265C600DD2344 /* Serie.swift */; };
		26C6DEFD22318A2C006ACFCC /* AppDelegate.swift in Sources */ = {isa = PBXBuildFile; fileRef = 26C6DEFC22318A2C006ACFCC /* AppDelegate.swift */; };
		26C6DF0422318A2E006ACFCC /* Assets.xcassets in Resources */ = {isa = PBXBuildFile; fileRef = 26C6DF0322318A2E006ACFCC /* Assets.xcassets */; };
		26C6DF0722318A2E006ACFCC /* LaunchScreen.storyboard in Resources */ = {isa = PBXBuildFile; fileRef = 26C6DF0522318A2E006ACFCC /* LaunchScreen.storyboard */; };
		26C6DF1022318AC8006ACFCC /* HomeViewController.swift in Sources */ = {isa = PBXBuildFile; fileRef = 26C6DF0E22318AC8006ACFCC /* HomeViewController.swift */; };
		26C6DF1122318AC8006ACFCC /* HomeViewController.xib in Resources */ = {isa = PBXBuildFile; fileRef = 26C6DF0F22318AC8006ACFCC /* HomeViewController.xib */; };
		26C6DF1522318B38006ACFCC /* HomePresenter.swift in Sources */ = {isa = PBXBuildFile; fileRef = 26C6DF1422318B38006ACFCC /* HomePresenter.swift */; };
		26C6DF1822318B5A006ACFCC /* SeriesPresenter.swift in Sources */ = {isa = PBXBuildFile; fileRef = 26C6DF1722318B5A006ACFCC /* SeriesPresenter.swift */; };
		26C6DF1C22318B73006ACFCC /* SeriesViewController.swift in Sources */ = {isa = PBXBuildFile; fileRef = 26C6DF1A22318B73006ACFCC /* SeriesViewController.swift */; };
		26C6DF1D22318B73006ACFCC /* SeriesViewController.xib in Resources */ = {isa = PBXBuildFile; fileRef = 26C6DF1B22318B73006ACFCC /* SeriesViewController.xib */; };
		26F44627229D394800F3BEF6 /* EpisodeDetailDataSource.swift in Sources */ = {isa = PBXBuildFile; fileRef = 26F44626229D394800F3BEF6 /* EpisodeDetailDataSource.swift */; };
/* End PBXBuildFile section */

/* Begin PBXFileReference section */
		26036DD22236B8AD00EACA1B /* DataSource.swift */ = {isa = PBXFileReference; lastKnownFileType = sourcecode.swift; path = DataSource.swift; sourceTree = "<group>"; };
		26036DD52237C3DC00EACA1B /* SerieListTableViewCell.swift */ = {isa = PBXFileReference; lastKnownFileType = sourcecode.swift; path = SerieListTableViewCell.swift; sourceTree = "<group>"; };
		26036DD62237C3DC00EACA1B /* SerieListTableViewCell.xib */ = {isa = PBXFileReference; lastKnownFileType = file.xib; path = SerieListTableViewCell.xib; sourceTree = "<group>"; };
		26036DD92237CBC900EACA1B /* MainRouter.swift */ = {isa = PBXFileReference; lastKnownFileType = sourcecode.swift; path = MainRouter.swift; sourceTree = "<group>"; };
		26036DDB2237CDDB00EACA1B /* SeriesRouter.swift */ = {isa = PBXFileReference; lastKnownFileType = sourcecode.swift; path = SeriesRouter.swift; sourceTree = "<group>"; };
		26036DDE2237CE2100EACA1B /* ParentRouter.swift */ = {isa = PBXFileReference; lastKnownFileType = sourcecode.swift; path = ParentRouter.swift; sourceTree = "<group>"; };
		26036DE02237D00300EACA1B /* ParentPresenter.swift */ = {isa = PBXFileReference; lastKnownFileType = sourcecode.swift; path = ParentPresenter.swift; sourceTree = "<group>"; };
		26036DE22237D41700EACA1B /* ParentViewController.swift */ = {isa = PBXFileReference; lastKnownFileType = sourcecode.swift; path = ParentViewController.swift; sourceTree = "<group>"; };
		261C9DD822410B2A00C1BBAA /* SearchSerieViewController.swift */ = {isa = PBXFileReference; lastKnownFileType = sourcecode.swift; path = SearchSerieViewController.swift; sourceTree = "<group>"; };
		261C9DD922410B2A00C1BBAA /* SearchSerieViewController.xib */ = {isa = PBXFileReference; lastKnownFileType = file.xib; path = SearchSerieViewController.xib; sourceTree = "<group>"; };
		261C9DDC22410B8B00C1BBAA /* SearchSerieRouter.swift */ = {isa = PBXFileReference; lastKnownFileType = sourcecode.swift; path = SearchSerieRouter.swift; sourceTree = "<group>"; };
		261C9DDE22410C2700C1BBAA /* SearchSeriePresenter.swift */ = {isa = PBXFileReference; lastKnownFileType = sourcecode.swift; path = SearchSeriePresenter.swift; sourceTree = "<group>"; };
		261C9DE32241196300C1BBAA /* SearchSerieTableViewCell.swift */ = {isa = PBXFileReference; lastKnownFileType = sourcecode.swift; path = SearchSerieTableViewCell.swift; sourceTree = "<group>"; };
		261C9DE42241196300C1BBAA /* SearchSerieTableViewCell.xib */ = {isa = PBXFileReference; lastKnownFileType = file.xib; path = SearchSerieTableViewCell.xib; sourceTree = "<group>"; };
		261C9DE722415F4800C1BBAA /* Number+Format.swift */ = {isa = PBXFileReference; lastKnownFileType = sourcecode.swift; path = "Number+Format.swift"; sourceTree = "<group>"; };
		261C9DE92241630900C1BBAA /* SearchSerieModel.swift */ = {isa = PBXFileReference; lastKnownFileType = sourcecode.swift; path = SearchSerieModel.swift; sourceTree = "<group>"; };
		263691E822425ECD000E69BA /* SearchSerieDataSource.swift */ = {isa = PBXFileReference; lastKnownFileType = sourcecode.swift; path = SearchSerieDataSource.swift; sourceTree = "<group>"; };
		263691EA2242601B000E69BA /* SearchSerieInteractor.swift */ = {isa = PBXFileReference; lastKnownFileType = sourcecode.swift; path = SearchSerieInteractor.swift; sourceTree = "<group>"; };
		26616B282237D8DA008CB7AB /* HomeRouter.swift */ = {isa = PBXFileReference; lastKnownFileType = sourcecode.swift; path = HomeRouter.swift; sourceTree = "<group>"; };
		26616B2B2237E1A3008CB7AB /* SerieDetailViewController.swift */ = {isa = PBXFileReference; lastKnownFileType = sourcecode.swift; path = SerieDetailViewController.swift; sourceTree = "<group>"; };
		26616B2C2237E1A3008CB7AB /* SerieDetailViewController.xib */ = {isa = PBXFileReference; lastKnownFileType = file.xib; path = SerieDetailViewController.xib; sourceTree = "<group>"; };
		26616B302237E7B5008CB7AB /* SerieInteractor.swift */ = {isa = PBXFileReference; lastKnownFileType = sourcecode.swift; path = SerieInteractor.swift; sourceTree = "<group>"; };
		26616B322237EADD008CB7AB /* SerieDataSource.swift */ = {isa = PBXFileReference; lastKnownFileType = sourcecode.swift; path = SerieDataSource.swift; sourceTree = "<group>"; };
		26616B3522380A46008CB7AB /* UIImageView+URL.swift */ = {isa = PBXFileReference; lastKnownFileType = sourcecode.swift; path = "UIImageView+URL.swift"; sourceTree = "<group>"; };
		26616B37223813A1008CB7AB /* String+Format.swift */ = {isa = PBXFileReference; lastKnownFileType = sourcecode.swift; path = "String+Format.swift"; sourceTree = "<group>"; };
		26616B3A22383176008CB7AB /* TableViewCell.swift */ = {isa = PBXFileReference; lastKnownFileType = sourcecode.swift; path = TableViewCell.swift; sourceTree = "<group>"; };
		26616B3B22383176008CB7AB /* TableViewCell.xib */ = {isa = PBXFileReference; lastKnownFileType = file.xib; path = TableViewCell.xib; sourceTree = "<group>"; };
		26616B3E22383522008CB7AB /* Episode.swift */ = {isa = PBXFileReference; lastKnownFileType = sourcecode.swift; path = Episode.swift; sourceTree = "<group>"; };
		26616B40223837E4008CB7AB /* HomeDataSource.swift */ = {isa = PBXFileReference; lastKnownFileType = sourcecode.swift; path = HomeDataSource.swift; sourceTree = "<group>"; };
		26616B422238399F008CB7AB /* HomeInteractor.swift */ = {isa = PBXFileReference; lastKnownFileType = sourcecode.swift; path = HomeInteractor.swift; sourceTree = "<group>"; };
		26616B452238FB8E008CB7AB /* SerieEpisodes.swift */ = {isa = PBXFileReference; lastKnownFileType = sourcecode.swift; path = SerieEpisodes.swift; sourceTree = "<group>"; };
		26616B4A223A60EE008CB7AB /* SerieDetailRouter.swift */ = {isa = PBXFileReference; lastKnownFileType = sourcecode.swift; path = SerieDetailRouter.swift; sourceTree = "<group>"; };
		26616B4C223A6192008CB7AB /* SerieDetailPresenter.swift */ = {isa = PBXFileReference; lastKnownFileType = sourcecode.swift; path = SerieDetailPresenter.swift; sourceTree = "<group>"; };
		26616B50223A704D008CB7AB /* EpisodeDetailViewController.swift */ = {isa = PBXFileReference; lastKnownFileType = sourcecode.swift; path = EpisodeDetailViewController.swift; sourceTree = "<group>"; };
		26616B51223A704D008CB7AB /* EpisodeDetailViewController.xib */ = {isa = PBXFileReference; lastKnownFileType = file.xib; path = EpisodeDetailViewController.xib; sourceTree = "<group>"; };
		26616B54223A7176008CB7AB /* EpisodeDetailRouter.swift */ = {isa = PBXFileReference; lastKnownFileType = sourcecode.swift; path = EpisodeDetailRouter.swift; sourceTree = "<group>"; };
		26616B56223A71D2008CB7AB /* EpisodeDetailPresenter.swift */ = {isa = PBXFileReference; lastKnownFileType = sourcecode.swift; path = EpisodeDetailPresenter.swift; sourceTree = "<group>"; };
		26616B5D223A9FEA008CB7AB /* SeasonPresenter.swift */ = {isa = PBXFileReference; lastKnownFileType = sourcecode.swift; path = SeasonPresenter.swift; sourceTree = "<group>"; };
		26616B60223AA33A008CB7AB /* SeasonsViewController.swift */ = {isa = PBXFileReference; lastKnownFileType = sourcecode.swift; path = SeasonsViewController.swift; sourceTree = "<group>"; };
		26616B61223AA33A008CB7AB /* SeasonsViewController.xib */ = {isa = PBXFileReference; lastKnownFileType = file.xib; path = SeasonsViewController.xib; sourceTree = "<group>"; };
		26616B64223AA390008CB7AB /* SeasonsRouter.swift */ = {isa = PBXFileReference; lastKnownFileType = sourcecode.swift; path = SeasonsRouter.swift; sourceTree = "<group>"; };
		26616B66223AAF07008CB7AB /* Constants.swift */ = {isa = PBXFileReference; lastKnownFileType = sourcecode.swift; path = Constants.swift; sourceTree = "<group>"; };
		26616B68223AB32D008CB7AB /* Season.swift */ = {isa = PBXFileReference; lastKnownFileType = sourcecode.swift; path = Season.swift; sourceTree = "<group>"; };
		26616B6A223AB49A008CB7AB /* SeasonsDataSource.swift */ = {isa = PBXFileReference; lastKnownFileType = sourcecode.swift; path = SeasonsDataSource.swift; sourceTree = "<group>"; };
		26616B6C223AB598008CB7AB /* SeasonsInteractor.swift */ = {isa = PBXFileReference; lastKnownFileType = sourcecode.swift; path = SeasonsInteractor.swift; sourceTree = "<group>"; };
		26616B6F223ABDE1008CB7AB /* SeasonsCollectionViewCell.swift */ = {isa = PBXFileReference; lastKnownFileType = sourcecode.swift; path = SeasonsCollectionViewCell.swift; sourceTree = "<group>"; };
		26616B70223ABDE1008CB7AB /* SeasonsCollectionViewCell.xib */ = {isa = PBXFileReference; lastKnownFileType = file.xib; path = SeasonsCollectionViewCell.xib; sourceTree = "<group>"; };
		26616B74223BCB09008CB7AB /* SeasonWithEpisodes.swift */ = {isa = PBXFileReference; lastKnownFileType = sourcecode.swift; path = SeasonWithEpisodes.swift; sourceTree = "<group>"; };
		26BC5AAE2292E6C000991503 /* EpisodeDetailInteractor.swift */ = {isa = PBXFileReference; lastKnownFileType = sourcecode.swift; path = EpisodeDetailInteractor.swift; sourceTree = "<group>"; };
		26BC5AB122930DBE00991503 /* EpisodeView.swift */ = {isa = PBXFileReference; lastKnownFileType = sourcecode.swift; path = EpisodeView.swift; sourceTree = "<group>"; };
		26BC9D64229D619100B8003E /* SerieDetailDataSource.swift */ = {isa = PBXFileReference; lastKnownFileType = sourcecode.swift; path = SerieDetailDataSource.swift; sourceTree = "<group>"; };
		26BC9D66229D62E900B8003E /* SerieDetailInteractor.swift */ = {isa = PBXFileReference; lastKnownFileType = sourcecode.swift; path = SerieDetailInteractor.swift; sourceTree = "<group>"; };
		26BC9D68229D6AAD00B8003E /* Person.swift */ = {isa = PBXFileReference; lastKnownFileType = sourcecode.swift; path = Person.swift; sourceTree = "<group>"; };
		26BC9D6A229D6C3800B8003E /* Character.swift */ = {isa = PBXFileReference; lastKnownFileType = sourcecode.swift; path = Character.swift; sourceTree = "<group>"; };
		26BC9D6C229D6C8E00B8003E /* Cast.swift */ = {isa = PBXFileReference; lastKnownFileType = sourcecode.swift; path = Cast.swift; sourceTree = "<group>"; };
		26BC9D6F229D70EF00B8003E /* CastPresenter.swift */ = {isa = PBXFileReference; lastKnownFileType = sourcecode.swift; path = CastPresenter.swift; sourceTree = "<group>"; };
		26BC9D72229D711D00B8003E /* CastViewController.swift */ = {isa = PBXFileReference; lastKnownFileType = sourcecode.swift; path = CastViewController.swift; sourceTree = "<group>"; };
		26BC9D73229D711D00B8003E /* CastViewController.xib */ = {isa = PBXFileReference; lastKnownFileType = file.xib; path = CastViewController.xib; sourceTree = "<group>"; };
		26BC9D76229D732700B8003E /* CastRouter.swift */ = {isa = PBXFileReference; lastKnownFileType = sourcecode.swift; path = CastRouter.swift; sourceTree = "<group>"; };
		26BC9D79229D873400B8003E /* CastCollectionViewCell.swift */ = {isa = PBXFileReference; lastKnownFileType = sourcecode.swift; path = CastCollectionViewCell.swift; sourceTree = "<group>"; };
		26BC9D7A229D873400B8003E /* CastCollectionViewCell.xib */ = {isa = PBXFileReference; lastKnownFileType = file.xib; path = CastCollectionViewCell.xib; sourceTree = "<group>"; };
		26BD016A2232619900DD2344 /* myseries.xcdatamodel */ = {isa = PBXFileReference; lastKnownFileType = wrapper.xcdatamodel; path = myseries.xcdatamodel; sourceTree = "<group>"; };
		26BD016E2232634400DD2344 /* CoreDataManager.swift */ = {isa = PBXFileReference; lastKnownFileType = sourcecode.swift; path = CoreDataManager.swift; sourceTree = "<group>"; };
		26BD0171223265C600DD2344 /* Serie.swift */ = {isa = PBXFileReference; lastKnownFileType = sourcecode.swift; path = Serie.swift; sourceTree = "<group>"; };
		26C6DEF922318A2C006ACFCC /* MySeries.app */ = {isa = PBXFileReference; explicitFileType = wrapper.application; includeInIndex = 0; path = MySeries.app; sourceTree = BUILT_PRODUCTS_DIR; };
		26C6DEFC22318A2C006ACFCC /* AppDelegate.swift */ = {isa = PBXFileReference; lastKnownFileType = sourcecode.swift; path = AppDelegate.swift; sourceTree = "<group>"; };
		26C6DF0322318A2E006ACFCC /* Assets.xcassets */ = {isa = PBXFileReference; lastKnownFileType = folder.assetcatalog; path = Assets.xcassets; sourceTree = "<group>"; };
		26C6DF0622318A2E006ACFCC /* Base */ = {isa = PBXFileReference; lastKnownFileType = file.storyboard; name = Base; path = Base.lproj/LaunchScreen.storyboard; sourceTree = "<group>"; };
		26C6DF0822318A2E006ACFCC /* Info.plist */ = {isa = PBXFileReference; lastKnownFileType = text.plist.xml; path = Info.plist; sourceTree = "<group>"; };
		26C6DF0E22318AC8006ACFCC /* HomeViewController.swift */ = {isa = PBXFileReference; lastKnownFileType = sourcecode.swift; path = HomeViewController.swift; sourceTree = "<group>"; };
		26C6DF0F22318AC8006ACFCC /* HomeViewController.xib */ = {isa = PBXFileReference; lastKnownFileType = file.xib; path = HomeViewController.xib; sourceTree = "<group>"; };
		26C6DF1422318B38006ACFCC /* HomePresenter.swift */ = {isa = PBXFileReference; lastKnownFileType = sourcecode.swift; path = HomePresenter.swift; sourceTree = "<group>"; };
		26C6DF1722318B5A006ACFCC /* SeriesPresenter.swift */ = {isa = PBXFileReference; lastKnownFileType = sourcecode.swift; path = SeriesPresenter.swift; sourceTree = "<group>"; };
		26C6DF1A22318B73006ACFCC /* SeriesViewController.swift */ = {isa = PBXFileReference; lastKnownFileType = sourcecode.swift; path = SeriesViewController.swift; sourceTree = "<group>"; };
		26C6DF1B22318B73006ACFCC /* SeriesViewController.xib */ = {isa = PBXFileReference; lastKnownFileType = file.xib; path = SeriesViewController.xib; sourceTree = "<group>"; };
		26F44626229D394800F3BEF6 /* EpisodeDetailDataSource.swift */ = {isa = PBXFileReference; lastKnownFileType = sourcecode.swift; path = EpisodeDetailDataSource.swift; sourceTree = "<group>"; };
/* End PBXFileReference section */

/* Begin PBXFrameworksBuildPhase section */
		26C6DEF622318A2C006ACFCC /* Frameworks */ = {
			isa = PBXFrameworksBuildPhase;
			buildActionMask = 2147483647;
			files = (
			);
			runOnlyForDeploymentPostprocessing = 0;
		};
/* End PBXFrameworksBuildPhase section */

/* Begin PBXGroup section */
		26036DD42237C3B800EACA1B /* cell */ = {
			isa = PBXGroup;
			children = (
				26036DD52237C3DC00EACA1B /* SerieListTableViewCell.swift */,
				26036DD62237C3DC00EACA1B /* SerieListTableViewCell.xib */,
			);
			path = cell;
			sourceTree = "<group>";
		};
		26036DDD2237CE0300EACA1B /* Parents */ = {
			isa = PBXGroup;
			children = (
				26036DDE2237CE2100EACA1B /* ParentRouter.swift */,
				26036DE02237D00300EACA1B /* ParentPresenter.swift */,
				26036DE22237D41700EACA1B /* ParentViewController.swift */,
			);
			path = Parents;
			sourceTree = "<group>";
		};
		261C9DD622410AE100C1BBAA /* SearchSerie */ = {
			isa = PBXGroup;
			children = (
				261C9DEB2241630D00C1BBAA /* Model */,
				261C9DDC22410B8B00C1BBAA /* SearchSerieRouter.swift */,
				261C9DDE22410C2700C1BBAA /* SearchSeriePresenter.swift */,
				263691EA2242601B000E69BA /* SearchSerieInteractor.swift */,
				263691E822425ECD000E69BA /* SearchSerieDataSource.swift */,
				261C9DD722410AFF00C1BBAA /* View */,
			);
			path = SearchSerie;
			sourceTree = "<group>";
		};
		261C9DD722410AFF00C1BBAA /* View */ = {
			isa = PBXGroup;
			children = (
				261C9DE22241192600C1BBAA /* cell */,
				261C9DD822410B2A00C1BBAA /* SearchSerieViewController.swift */,
				261C9DD922410B2A00C1BBAA /* SearchSerieViewController.xib */,
			);
			path = View;
			sourceTree = "<group>";
		};
		261C9DE22241192600C1BBAA /* cell */ = {
			isa = PBXGroup;
			children = (
				261C9DE32241196300C1BBAA /* SearchSerieTableViewCell.swift */,
				261C9DE42241196300C1BBAA /* SearchSerieTableViewCell.xib */,
			);
			path = cell;
			sourceTree = "<group>";
		};
		261C9DEB2241630D00C1BBAA /* Model */ = {
			isa = PBXGroup;
			children = (
				261C9DE92241630900C1BBAA /* SearchSerieModel.swift */,
			);
			path = Model;
			sourceTree = "<group>";
		};
		26616B3422380A23008CB7AB /* Extensions */ = {
			isa = PBXGroup;
			children = (
				26616B3522380A46008CB7AB /* UIImageView+URL.swift */,
				26616B37223813A1008CB7AB /* String+Format.swift */,
				261C9DE722415F4800C1BBAA /* Number+Format.swift */,
			);
			path = Extensions;
			sourceTree = "<group>";
		};
		26616B3922383164008CB7AB /* cell */ = {
			isa = PBXGroup;
			children = (
				26616B3A22383176008CB7AB /* TableViewCell.swift */,
				26616B3B22383176008CB7AB /* TableViewCell.xib */,
			);
			path = cell;
			sourceTree = "<group>";
		};
		26616B47223A602F008CB7AB /* Sections */ = {
			isa = PBXGroup;
			children = (
				26BC9D6E229D70CD00B8003E /* Cast */,
				26C6DF1222318AF6006ACFCC /* Home */,
				26C6DF1322318AFF006ACFCC /* Series */,
				26616B48223A6059008CB7AB /* SerieDetail */,
				26616B4E223A7025008CB7AB /* EpisodeDetail */,
				26616B5C223A9FBB008CB7AB /* Seasons */,
				261C9DD622410AE100C1BBAA /* SearchSerie */,
			);
			path = Sections;
			sourceTree = "<group>";
		};
		26616B48223A6059008CB7AB /* SerieDetail */ = {
			isa = PBXGroup;
			children = (
				26616B4A223A60EE008CB7AB /* SerieDetailRouter.swift */,
				26616B4C223A6192008CB7AB /* SerieDetailPresenter.swift */,
				26BC9D66229D62E900B8003E /* SerieDetailInteractor.swift */,
				26BC9D64229D619100B8003E /* SerieDetailDataSource.swift */,
				26616B49223A6078008CB7AB /* View */,
			);
			path = SerieDetail;
			sourceTree = "<group>";
		};
		26616B49223A6078008CB7AB /* View */ = {
			isa = PBXGroup;
			children = (
				26616B2B2237E1A3008CB7AB /* SerieDetailViewController.swift */,
				26616B2C2237E1A3008CB7AB /* SerieDetailViewController.xib */,
			);
			path = View;
			sourceTree = "<group>";
		};
		26616B4E223A7025008CB7AB /* EpisodeDetail */ = {
			isa = PBXGroup;
			children = (
				26616B54223A7176008CB7AB /* EpisodeDetailRouter.swift */,
				26BC5AAE2292E6C000991503 /* EpisodeDetailInteractor.swift */,
				26616B56223A71D2008CB7AB /* EpisodeDetailPresenter.swift */,
				26F44626229D394800F3BEF6 /* EpisodeDetailDataSource.swift */,
				26616B4F223A7036008CB7AB /* View */,
			);
			path = EpisodeDetail;
			sourceTree = "<group>";
		};
		26616B4F223A7036008CB7AB /* View */ = {
			isa = PBXGroup;
			children = (
				26616B50223A704D008CB7AB /* EpisodeDetailViewController.swift */,
				26616B51223A704D008CB7AB /* EpisodeDetailViewController.xib */,
			);
			path = View;
			sourceTree = "<group>";
		};
		26616B5C223A9FBB008CB7AB /* Seasons */ = {
			isa = PBXGroup;
			children = (
				26616B73223BCADA008CB7AB /* Model */,
				26616B64223AA390008CB7AB /* SeasonsRouter.swift */,
				26616B5D223A9FEA008CB7AB /* SeasonPresenter.swift */,
				26616B6C223AB598008CB7AB /* SeasonsInteractor.swift */,
				26616B6A223AB49A008CB7AB /* SeasonsDataSource.swift */,
				26616B5F223A9FEF008CB7AB /* View */,
			);
			path = Seasons;
			sourceTree = "<group>";
		};
		26616B5F223A9FEF008CB7AB /* View */ = {
			isa = PBXGroup;
			children = (
				26616B6E223ABDC1008CB7AB /* cell */,
				26616B60223AA33A008CB7AB /* SeasonsViewController.swift */,
				26616B61223AA33A008CB7AB /* SeasonsViewController.xib */,
			);
			path = View;
			sourceTree = "<group>";
		};
		26616B6E223ABDC1008CB7AB /* cell */ = {
			isa = PBXGroup;
			children = (
				26616B6F223ABDE1008CB7AB /* SeasonsCollectionViewCell.swift */,
				26616B70223ABDE1008CB7AB /* SeasonsCollectionViewCell.xib */,
			);
			path = cell;
			sourceTree = "<group>";
		};
		26616B73223BCADA008CB7AB /* Model */ = {
			isa = PBXGroup;
			children = (
				26616B74223BCB09008CB7AB /* SeasonWithEpisodes.swift */,
			);
			path = Model;
			sourceTree = "<group>";
		};
		26BC5AB022930D7000991503 /* View */ = {
			isa = PBXGroup;
			children = (
				26BC5AB122930DBE00991503 /* EpisodeView.swift */,
			);
			path = View;
			sourceTree = "<group>";
		};
		26BC9D6E229D70CD00B8003E /* Cast */ = {
			isa = PBXGroup;
			children = (
				26BC9D76229D732700B8003E /* CastRouter.swift */,
				26BC9D6F229D70EF00B8003E /* CastPresenter.swift */,
				26BC9D71229D70F400B8003E /* View */,
			);
			path = Cast;
			sourceTree = "<group>";
		};
		26BC9D71229D70F400B8003E /* View */ = {
			isa = PBXGroup;
			children = (
				26BC9D78229D871A00B8003E /* cell */,
				26BC9D72229D711D00B8003E /* CastViewController.swift */,
				26BC9D73229D711D00B8003E /* CastViewController.xib */,
			);
			path = View;
			sourceTree = "<group>";
		};
		26BC9D78229D871A00B8003E /* cell */ = {
			isa = PBXGroup;
			children = (
				26BC9D79229D873400B8003E /* CastCollectionViewCell.swift */,
				26BC9D7A229D873400B8003E /* CastCollectionViewCell.xib */,
			);
			path = cell;
			sourceTree = "<group>";
		};
		26BD014722318FC500DD2344 /* Resources */ = {
			isa = PBXGroup;
			children = (
				26C6DF0522318A2E006ACFCC /* LaunchScreen.storyboard */,
				26C6DF0322318A2E006ACFCC /* Assets.xcassets */,
				26C6DF0822318A2E006ACFCC /* Info.plist */,
			);
			path = Resources;
			sourceTree = "<group>";
		};
		26BD016C2232631F00DD2344 /* Common */ = {
			isa = PBXGroup;
			children = (
				26036DD22236B8AD00EACA1B /* DataSource.swift */,
				26036DD92237CBC900EACA1B /* MainRouter.swift */,
				26616B66223AAF07008CB7AB /* Constants.swift */,
				26BC5AB022930D7000991503 /* View */,
				26616B3422380A23008CB7AB /* Extensions */,
				26036DDD2237CE0300EACA1B /* Parents */,
				26BD0170223265A800DD2344 /* Models */,
				26BD016D2232632C00DD2344 /* Managers */,
			);
			path = Common;
			sourceTree = "<group>";
		};
		26BD016D2232632C00DD2344 /* Managers */ = {
			isa = PBXGroup;
			children = (
				26BD016E2232634400DD2344 /* CoreDataManager.swift */,
			);
			path = Managers;
			sourceTree = "<group>";
		};
		26BD0170223265A800DD2344 /* Models */ = {
			isa = PBXGroup;
			children = (
				26BD01692232619900DD2344 /* myseries.xcdatamodeld */,
				26BD0171223265C600DD2344 /* Serie.swift */,
				26616B3E22383522008CB7AB /* Episode.swift */,
				26616B452238FB8E008CB7AB /* SerieEpisodes.swift */,
				26616B68223AB32D008CB7AB /* Season.swift */,
				26BC9D68229D6AAD00B8003E /* Person.swift */,
				26BC9D6A229D6C3800B8003E /* Character.swift */,
				26BC9D6C229D6C8E00B8003E /* Cast.swift */,
			);
			path = Models;
			sourceTree = "<group>";
		};
		26C6DEF022318A2C006ACFCC = {
			isa = PBXGroup;
			children = (
				26C6DEFB22318A2C006ACFCC /* MySeries */,
				26C6DEFA22318A2C006ACFCC /* Products */,
			);
			sourceTree = "<group>";
		};
		26C6DEFA22318A2C006ACFCC /* Products */ = {
			isa = PBXGroup;
			children = (
				26C6DEF922318A2C006ACFCC /* MySeries.app */,
			);
			name = Products;
			sourceTree = "<group>";
		};
		26C6DEFB22318A2C006ACFCC /* MySeries */ = {
			isa = PBXGroup;
			children = (
				26C6DEFC22318A2C006ACFCC /* AppDelegate.swift */,
				26BD014722318FC500DD2344 /* Resources */,
				26BD016C2232631F00DD2344 /* Common */,
				26616B47223A602F008CB7AB /* Sections */,
			);
			path = MySeries;
			sourceTree = "<group>";
		};
		26C6DF1222318AF6006ACFCC /* Home */ = {
			isa = PBXGroup;
			children = (
				26616B282237D8DA008CB7AB /* HomeRouter.swift */,
				26C6DF1422318B38006ACFCC /* HomePresenter.swift */,
				26616B422238399F008CB7AB /* HomeInteractor.swift */,
				26616B40223837E4008CB7AB /* HomeDataSource.swift */,
				26C6DF1622318B3C006ACFCC /* View */,
			);
			path = Home;
			sourceTree = "<group>";
		};
		26C6DF1322318AFF006ACFCC /* Series */ = {
			isa = PBXGroup;
			children = (
				26036DDB2237CDDB00EACA1B /* SeriesRouter.swift */,
				26C6DF1722318B5A006ACFCC /* SeriesPresenter.swift */,
				26616B302237E7B5008CB7AB /* SerieInteractor.swift */,
				26616B322237EADD008CB7AB /* SerieDataSource.swift */,
				26C6DF1922318B5F006ACFCC /* View */,
			);
			path = Series;
			sourceTree = "<group>";
		};
		26C6DF1622318B3C006ACFCC /* View */ = {
			isa = PBXGroup;
			children = (
				26616B3922383164008CB7AB /* cell */,
				26C6DF0E22318AC8006ACFCC /* HomeViewController.swift */,
				26C6DF0F22318AC8006ACFCC /* HomeViewController.xib */,
			);
			path = View;
			sourceTree = "<group>";
		};
		26C6DF1922318B5F006ACFCC /* View */ = {
			isa = PBXGroup;
			children = (
				26036DD42237C3B800EACA1B /* cell */,
				26C6DF1A22318B73006ACFCC /* SeriesViewController.swift */,
				26C6DF1B22318B73006ACFCC /* SeriesViewController.xib */,
			);
			path = View;
			sourceTree = "<group>";
		};
/* End PBXGroup section */

/* Begin PBXNativeTarget section */
		26C6DEF822318A2C006ACFCC /* MySeries */ = {
			isa = PBXNativeTarget;
			buildConfigurationList = 26C6DF0B22318A2E006ACFCC /* Build configuration list for PBXNativeTarget "MySeries" */;
			buildPhases = (
				26C6DEF522318A2C006ACFCC /* Sources */,
				26C6DEF622318A2C006ACFCC /* Frameworks */,
				26C6DEF722318A2C006ACFCC /* Resources */,
			);
			buildRules = (
			);
			dependencies = (
			);
			name = MySeries;
			productName = MySeries;
			productReference = 26C6DEF922318A2C006ACFCC /* MySeries.app */;
			productType = "com.apple.product-type.application";
		};
/* End PBXNativeTarget section */

/* Begin PBXProject section */
		26C6DEF122318A2C006ACFCC /* Project object */ = {
			isa = PBXProject;
			attributes = {
				LastSwiftUpdateCheck = 1010;
				LastUpgradeCheck = 1010;
				ORGANIZATIONNAME = Leticia;
				TargetAttributes = {
					26C6DEF822318A2C006ACFCC = {
						CreatedOnToolsVersion = 10.1;
					};
				};
			};
			buildConfigurationList = 26C6DEF422318A2C006ACFCC /* Build configuration list for PBXProject "MySeries" */;
			compatibilityVersion = "Xcode 9.3";
			developmentRegion = en;
			hasScannedForEncodings = 0;
			knownRegions = (
				en,
				Base,
			);
			mainGroup = 26C6DEF022318A2C006ACFCC;
			productRefGroup = 26C6DEFA22318A2C006ACFCC /* Products */;
			projectDirPath = "";
			projectRoot = "";
			targets = (
				26C6DEF822318A2C006ACFCC /* MySeries */,
			);
		};
/* End PBXProject section */

/* Begin PBXResourcesBuildPhase section */
		26C6DEF722318A2C006ACFCC /* Resources */ = {
			isa = PBXResourcesBuildPhase;
			buildActionMask = 2147483647;
			files = (
				26C6DF0722318A2E006ACFCC /* LaunchScreen.storyboard in Resources */,
				26616B72223ABDE1008CB7AB /* SeasonsCollectionViewCell.xib in Resources */,
				261C9DE62241196300C1BBAA /* SearchSerieTableViewCell.xib in Resources */,
				26C6DF0422318A2E006ACFCC /* Assets.xcassets in Resources */,
				26BC9D75229D711D00B8003E /* CastViewController.xib in Resources */,
				26BC9D7C229D873400B8003E /* CastCollectionViewCell.xib in Resources */,
				26616B63223AA33A008CB7AB /* SeasonsViewController.xib in Resources */,
				26616B3D22383176008CB7AB /* TableViewCell.xib in Resources */,
				26616B53223A704D008CB7AB /* EpisodeDetailViewController.xib in Resources */,
				26C6DF1122318AC8006ACFCC /* HomeViewController.xib in Resources */,
				261C9DDB22410B2A00C1BBAA /* SearchSerieViewController.xib in Resources */,
				26036DD82237C3DC00EACA1B /* SerieListTableViewCell.xib in Resources */,
				26616B2E2237E1A3008CB7AB /* SerieDetailViewController.xib in Resources */,
				26C6DF1D22318B73006ACFCC /* SeriesViewController.xib in Resources */,
			);
			runOnlyForDeploymentPostprocessing = 0;
		};
/* End PBXResourcesBuildPhase section */

/* Begin PBXSourcesBuildPhase section */
		26C6DEF522318A2C006ACFCC /* Sources */ = {
			isa = PBXSourcesBuildPhase;
			buildActionMask = 2147483647;
			files = (
				261C9DEA2241630900C1BBAA /* SearchSerieModel.swift in Sources */,
				26616B4B223A60EE008CB7AB /* SerieDetailRouter.swift in Sources */,
				26BC9D6B229D6C3800B8003E /* Character.swift in Sources */,
				26616B38223813A1008CB7AB /* String+Format.swift in Sources */,
				26616B52223A704D008CB7AB /* EpisodeDetailViewController.swift in Sources */,
				26BD016B2232619900DD2344 /* myseries.xcdatamodeld in Sources */,
				26BC9D77229D732700B8003E /* CastRouter.swift in Sources */,
				26C6DEFD22318A2C006ACFCC /* AppDelegate.swift in Sources */,
				26616B57223A71D2008CB7AB /* EpisodeDetailPresenter.swift in Sources */,
				26C6DF1822318B5A006ACFCC /* SeriesPresenter.swift in Sources */,
				26616B332237EADD008CB7AB /* SerieDataSource.swift in Sources */,
				26616B55223A7176008CB7AB /* EpisodeDetailRouter.swift in Sources */,
				26616B312237E7B5008CB7AB /* SerieInteractor.swift in Sources */,
				26BC9D70229D70EF00B8003E /* CastPresenter.swift in Sources */,
				26036DD32236B8AD00EACA1B /* DataSource.swift in Sources */,
				26616B4D223A6192008CB7AB /* SerieDetailPresenter.swift in Sources */,
				26616B75223BCB09008CB7AB /* SeasonWithEpisodes.swift in Sources */,
				26616B71223ABDE1008CB7AB /* SeasonsCollectionViewCell.swift in Sources */,
				26BC9D74229D711D00B8003E /* CastViewController.swift in Sources */,
				26BC9D6D229D6C8E00B8003E /* Cast.swift in Sources */,
				263691EB2242601B000E69BA /* SearchSerieInteractor.swift in Sources */,
				26C6DF1C22318B73006ACFCC /* SeriesViewController.swift in Sources */,
				26616B432238399F008CB7AB /* HomeInteractor.swift in Sources */,
				26616B292237D8DA008CB7AB /* HomeRouter.swift in Sources */,
				26C6DF1022318AC8006ACFCC /* HomeViewController.swift in Sources */,
				26BD016F2232634400DD2344 /* CoreDataManager.swift in Sources */,
				263691E922425ECD000E69BA /* SearchSerieDataSource.swift in Sources */,
				26616B5E223A9FEA008CB7AB /* SeasonPresenter.swift in Sources */,
				26616B3622380A46008CB7AB /* UIImageView+URL.swift in Sources */,
				26BD0172223265C600DD2344 /* Serie.swift in Sources */,
				26036DE12237D00300EACA1B /* ParentPresenter.swift in Sources */,
				26616B3F22383522008CB7AB /* Episode.swift in Sources */,
				26BC9D67229D62E900B8003E /* SerieDetailInteractor.swift in Sources */,
				26036DD72237C3DC00EACA1B /* SerieListTableViewCell.swift in Sources */,
				26616B62223AA33A008CB7AB /* SeasonsViewController.swift in Sources */,
				26616B2D2237E1A3008CB7AB /* SerieDetailViewController.swift in Sources */,
				26616B67223AAF07008CB7AB /* Constants.swift in Sources */,
				26036DDC2237CDDB00EACA1B /* SeriesRouter.swift in Sources */,
				261C9DE822415F4800C1BBAA /* Number+Format.swift in Sources */,
				26BC5AAF2292E6C000991503 /* EpisodeDetailInteractor.swift in Sources */,
				26616B3C22383176008CB7AB /* TableViewCell.swift in Sources */,
				261C9DDA22410B2A00C1BBAA /* SearchSerieViewController.swift in Sources */,
				26616B69223AB32D008CB7AB /* Season.swift in Sources */,
				26616B41223837E4008CB7AB /* HomeDataSource.swift in Sources */,
				26036DE32237D41700EACA1B /* ParentViewController.swift in Sources */,
				26616B6D223AB598008CB7AB /* SeasonsInteractor.swift in Sources */,
				26036DDA2237CBC900EACA1B /* MainRouter.swift in Sources */,
				26BC9D69229D6AAD00B8003E /* Person.swift in Sources */,
				26C6DF1522318B38006ACFCC /* HomePresenter.swift in Sources */,
				261C9DDD22410B8B00C1BBAA /* SearchSerieRouter.swift in Sources */,
				261C9DE52241196300C1BBAA /* SearchSerieTableViewCell.swift in Sources */,
				26BC5AB222930DBE00991503 /* EpisodeView.swift in Sources */,
				26616B462238FB8E008CB7AB /* SerieEpisodes.swift in Sources */,
				26036DDF2237CE2100EACA1B /* ParentRouter.swift in Sources */,
				26616B6B223AB49A008CB7AB /* SeasonsDataSource.swift in Sources */,
				26BC9D65229D619100B8003E /* SerieDetailDataSource.swift in Sources */,
				26616B65223AA390008CB7AB /* SeasonsRouter.swift in Sources */,
				26BC9D7B229D873400B8003E /* CastCollectionViewCell.swift in Sources */,
				26F44627229D394800F3BEF6 /* EpisodeDetailDataSource.swift in Sources */,
				261C9DDF22410C2700C1BBAA /* SearchSeriePresenter.swift in Sources */,
			);
			runOnlyForDeploymentPostprocessing = 0;
		};
/* End PBXSourcesBuildPhase section */

/* Begin PBXVariantGroup section */
		26C6DF0522318A2E006ACFCC /* LaunchScreen.storyboard */ = {
			isa = PBXVariantGroup;
			children = (
				26C6DF0622318A2E006ACFCC /* Base */,
			);
			name = LaunchScreen.storyboard;
			sourceTree = "<group>";
		};
/* End PBXVariantGroup section */

/* Begin XCBuildConfiguration section */
		26C6DF0922318A2E006ACFCC /* Debug */ = {
			isa = XCBuildConfiguration;
			buildSettings = {
				ALWAYS_SEARCH_USER_PATHS = NO;
				CLANG_ANALYZER_NONNULL = YES;
				CLANG_ANALYZER_NUMBER_OBJECT_CONVERSION = YES_AGGRESSIVE;
				CLANG_CXX_LANGUAGE_STANDARD = "gnu++14";
				CLANG_CXX_LIBRARY = "libc++";
				CLANG_ENABLE_MODULES = YES;
				CLANG_ENABLE_OBJC_ARC = YES;
				CLANG_ENABLE_OBJC_WEAK = YES;
				CLANG_WARN_BLOCK_CAPTURE_AUTORELEASING = YES;
				CLANG_WARN_BOOL_CONVERSION = YES;
				CLANG_WARN_COMMA = YES;
				CLANG_WARN_CONSTANT_CONVERSION = YES;
				CLANG_WARN_DEPRECATED_OBJC_IMPLEMENTATIONS = YES;
				CLANG_WARN_DIRECT_OBJC_ISA_USAGE = YES_ERROR;
				CLANG_WARN_DOCUMENTATION_COMMENTS = YES;
				CLANG_WARN_EMPTY_BODY = YES;
				CLANG_WARN_ENUM_CONVERSION = YES;
				CLANG_WARN_INFINITE_RECURSION = YES;
				CLANG_WARN_INT_CONVERSION = YES;
				CLANG_WARN_NON_LITERAL_NULL_CONVERSION = YES;
				CLANG_WARN_OBJC_IMPLICIT_RETAIN_SELF = YES;
				CLANG_WARN_OBJC_LITERAL_CONVERSION = YES;
				CLANG_WARN_OBJC_ROOT_CLASS = YES_ERROR;
				CLANG_WARN_RANGE_LOOP_ANALYSIS = YES;
				CLANG_WARN_STRICT_PROTOTYPES = YES;
				CLANG_WARN_SUSPICIOUS_MOVE = YES;
				CLANG_WARN_UNGUARDED_AVAILABILITY = YES_AGGRESSIVE;
				CLANG_WARN_UNREACHABLE_CODE = YES;
				CLANG_WARN__DUPLICATE_METHOD_MATCH = YES;
				CODE_SIGN_IDENTITY = "iPhone Developer";
				COPY_PHASE_STRIP = NO;
				DEBUG_INFORMATION_FORMAT = dwarf;
				ENABLE_STRICT_OBJC_MSGSEND = YES;
				ENABLE_TESTABILITY = YES;
				GCC_C_LANGUAGE_STANDARD = gnu11;
				GCC_DYNAMIC_NO_PIC = NO;
				GCC_NO_COMMON_BLOCKS = YES;
				GCC_OPTIMIZATION_LEVEL = 0;
				GCC_PREPROCESSOR_DEFINITIONS = (
					"DEBUG=1",
					"$(inherited)",
				);
				GCC_WARN_64_TO_32_BIT_CONVERSION = YES;
				GCC_WARN_ABOUT_RETURN_TYPE = YES_ERROR;
				GCC_WARN_UNDECLARED_SELECTOR = YES;
				GCC_WARN_UNINITIALIZED_AUTOS = YES_AGGRESSIVE;
				GCC_WARN_UNUSED_FUNCTION = YES;
				GCC_WARN_UNUSED_VARIABLE = YES;
				IPHONEOS_DEPLOYMENT_TARGET = 12.1;
				MTL_ENABLE_DEBUG_INFO = INCLUDE_SOURCE;
				MTL_FAST_MATH = YES;
				ONLY_ACTIVE_ARCH = YES;
				SDKROOT = iphoneos;
				SWIFT_ACTIVE_COMPILATION_CONDITIONS = DEBUG;
				SWIFT_OPTIMIZATION_LEVEL = "-Onone";
			};
			name = Debug;
		};
		26C6DF0A22318A2E006ACFCC /* Release */ = {
			isa = XCBuildConfiguration;
			buildSettings = {
				ALWAYS_SEARCH_USER_PATHS = NO;
				CLANG_ANALYZER_NONNULL = YES;
				CLANG_ANALYZER_NUMBER_OBJECT_CONVERSION = YES_AGGRESSIVE;
				CLANG_CXX_LANGUAGE_STANDARD = "gnu++14";
				CLANG_CXX_LIBRARY = "libc++";
				CLANG_ENABLE_MODULES = YES;
				CLANG_ENABLE_OBJC_ARC = YES;
				CLANG_ENABLE_OBJC_WEAK = YES;
				CLANG_WARN_BLOCK_CAPTURE_AUTORELEASING = YES;
				CLANG_WARN_BOOL_CONVERSION = YES;
				CLANG_WARN_COMMA = YES;
				CLANG_WARN_CONSTANT_CONVERSION = YES;
				CLANG_WARN_DEPRECATED_OBJC_IMPLEMENTATIONS = YES;
				CLANG_WARN_DIRECT_OBJC_ISA_USAGE = YES_ERROR;
				CLANG_WARN_DOCUMENTATION_COMMENTS = YES;
				CLANG_WARN_EMPTY_BODY = YES;
				CLANG_WARN_ENUM_CONVERSION = YES;
				CLANG_WARN_INFINITE_RECURSION = YES;
				CLANG_WARN_INT_CONVERSION = YES;
				CLANG_WARN_NON_LITERAL_NULL_CONVERSION = YES;
				CLANG_WARN_OBJC_IMPLICIT_RETAIN_SELF = YES;
				CLANG_WARN_OBJC_LITERAL_CONVERSION = YES;
				CLANG_WARN_OBJC_ROOT_CLASS = YES_ERROR;
				CLANG_WARN_RANGE_LOOP_ANALYSIS = YES;
				CLANG_WARN_STRICT_PROTOTYPES = YES;
				CLANG_WARN_SUSPICIOUS_MOVE = YES;
				CLANG_WARN_UNGUARDED_AVAILABILITY = YES_AGGRESSIVE;
				CLANG_WARN_UNREACHABLE_CODE = YES;
				CLANG_WARN__DUPLICATE_METHOD_MATCH = YES;
				CODE_SIGN_IDENTITY = "iPhone Developer";
				COPY_PHASE_STRIP = NO;
				DEBUG_INFORMATION_FORMAT = "dwarf-with-dsym";
				ENABLE_NS_ASSERTIONS = NO;
				ENABLE_STRICT_OBJC_MSGSEND = YES;
				GCC_C_LANGUAGE_STANDARD = gnu11;
				GCC_NO_COMMON_BLOCKS = YES;
				GCC_WARN_64_TO_32_BIT_CONVERSION = YES;
				GCC_WARN_ABOUT_RETURN_TYPE = YES_ERROR;
				GCC_WARN_UNDECLARED_SELECTOR = YES;
				GCC_WARN_UNINITIALIZED_AUTOS = YES_AGGRESSIVE;
				GCC_WARN_UNUSED_FUNCTION = YES;
				GCC_WARN_UNUSED_VARIABLE = YES;
				IPHONEOS_DEPLOYMENT_TARGET = 12.1;
				MTL_ENABLE_DEBUG_INFO = NO;
				MTL_FAST_MATH = YES;
				SDKROOT = iphoneos;
				SWIFT_COMPILATION_MODE = wholemodule;
				SWIFT_OPTIMIZATION_LEVEL = "-O";
				VALIDATE_PRODUCT = YES;
			};
			name = Release;
		};
		26C6DF0C22318A2E006ACFCC /* Debug */ = {
			isa = XCBuildConfiguration;
			buildSettings = {
				ASSETCATALOG_COMPILER_APPICON_NAME = AppIcon;
				CODE_SIGN_STYLE = Automatic;
				DEVELOPMENT_TEAM = HES3W55QFX;
				INFOPLIST_FILE = MySeries/Resources/Info.plist;
				LD_RUNPATH_SEARCH_PATHS = (
					"$(inherited)",
					"@executable_path/Frameworks",
				);
				PRODUCT_BUNDLE_IDENTIFIER = com.echarri.MySeries;
				PRODUCT_NAME = "$(TARGET_NAME)";
				SWIFT_VERSION = 4.2;
				TARGETED_DEVICE_FAMILY = "1,2";
			};
			name = Debug;
		};
		26C6DF0D22318A2E006ACFCC /* Release */ = {
			isa = XCBuildConfiguration;
			buildSettings = {
				ASSETCATALOG_COMPILER_APPICON_NAME = AppIcon;
				CODE_SIGN_STYLE = Automatic;
				DEVELOPMENT_TEAM = HES3W55QFX;
				INFOPLIST_FILE = MySeries/Resources/Info.plist;
				LD_RUNPATH_SEARCH_PATHS = (
					"$(inherited)",
					"@executable_path/Frameworks",
				);
				PRODUCT_BUNDLE_IDENTIFIER = com.echarri.MySeries;
				PRODUCT_NAME = "$(TARGET_NAME)";
				SWIFT_VERSION = 4.2;
				TARGETED_DEVICE_FAMILY = "1,2";
			};
			name = Release;
		};
/* End XCBuildConfiguration section */

/* Begin XCConfigurationList section */
		26C6DEF422318A2C006ACFCC /* Build configuration list for PBXProject "MySeries" */ = {
			isa = XCConfigurationList;
			buildConfigurations = (
				26C6DF0922318A2E006ACFCC /* Debug */,
				26C6DF0A22318A2E006ACFCC /* Release */,
			);
			defaultConfigurationIsVisible = 0;
			defaultConfigurationName = Release;
		};
		26C6DF0B22318A2E006ACFCC /* Build configuration list for PBXNativeTarget "MySeries" */ = {
			isa = XCConfigurationList;
			buildConfigurations = (
				26C6DF0C22318A2E006ACFCC /* Debug */,
				26C6DF0D22318A2E006ACFCC /* Release */,
			);
			defaultConfigurationIsVisible = 0;
			defaultConfigurationName = Release;
		};
/* End XCConfigurationList section */

/* Begin XCVersionGroup section */
		26BD01692232619900DD2344 /* myseries.xcdatamodeld */ = {
			isa = XCVersionGroup;
			children = (
				26BD016A2232619900DD2344 /* myseries.xcdatamodel */,
			);
			currentVersion = 26BD016A2232619900DD2344 /* myseries.xcdatamodel */;
			path = myseries.xcdatamodeld;
			sourceTree = "<group>";
			versionGroupType = wrapper.xcdatamodel;
		};
/* End XCVersionGroup section */
	};
	rootObject = 26C6DEF122318A2C006ACFCC /* Project object */;
}
